
Microsoft Visual Studio Solution File, Format Version 12.00
# Visual Studio 14
VisualStudioVersion = 14.0.23107.0
MinimumVisualStudioVersion = 10.0.40219.1
Project("{FAE04EC0-301F-11D3-BF4B-00C04F79EFBC}") = "Core", "Core\Core.csproj", "{55A87C36-E8B8-4A08-8E3C-CA57529391A3}"
EndProject
Project("{FAE04EC0-301F-11D3-BF4B-00C04F79EFBC}") = "Common", "Common\Common.csproj", "{E689375B-0822-47E4-AE16-6AB9F3CF5698}"
EndProject
Project("{2150E333-8FDC-42A3-9474-1A3956D46DE8}") = "01.Infrastructure", "01.Infrastructure", "{8140CF92-0BBD-4F60-B7F6-D140474FA2F2}"
EndProject
Project("{2150E333-8FDC-42A3-9474-1A3956D46DE8}") = "02.WindowsAzure", "02.WindowsAzure", "{EE15E73E-CBC2-43F5-A47A-469FDC82DF5C}"
EndProject
Project("{FAE04EC0-301F-11D3-BF4B-00C04F79EFBC}") = "AzureRepositories", "AzureRepositories\AzureRepositories.csproj", "{12C276CC-0927-4E4C-9437-850B4C65C4F2}"
EndProject
Project("{FAE04EC0-301F-11D3-BF4B-00C04F79EFBC}") = "AzureStorage", "AzureStorage\AzureStorage\AzureStorage.csproj", "{B3642177-0525-48A7-844E-7E5054FEF3B5}"
EndProject
Project("{FAE04EC0-301F-11D3-BF4B-00C04F79EFBC}") = "TcpSockets", "Sockets\TcpSockets.csproj", "{4F3389C2-7CC6-4D79-A5E1-091CF7EF940D}"
EndProject
Project("{FAE04EC0-301F-11D3-BF4B-00C04F79EFBC}") = "LkeServices", "LkeServices\LkeServices.csproj", "{D23F4AD3-7240-4FAD-9735-BC5BC22CA568}"
EndProject
Project("{2150E333-8FDC-42A3-9474-1A3956D46DE8}") = "03.Test", "03.Test", "{BCDBE6D9-B428-46B9-A36B-02958498181B}"
EndProject
Project("{FAE04EC0-301F-11D3-BF4B-00C04F79EFBC}") = "Tests", "Tests\Tests.csproj", "{071F69DA-EBAC-458C-8FBD-163E0B83B2CA}"
EndProject
Project("{FAE04EC0-301F-11D3-BF4B-00C04F79EFBC}") = "BackOfficeAzureRepositories", "BackOfficeAzureRepositories\BackOfficeAzureRepositories.csproj", "{03B31D63-8104-4534-AB4B-8BE4F199A566}"
EndProject
Project("{FAE04EC0-301F-11D3-BF4B-00C04F79EFBC}") = "LykkeWallet", "LykkeWallet\LykkeWallet.csproj", "{9AFEC4C2-CBC4-4B90-8CED-2759C55E586A}"
EndProject
Project("{FAE04EC0-301F-11D3-BF4B-00C04F79EFBC}") = "MockServices", "MockServices\MockServices.csproj", "{1D9EB60A-97BA-4BB5-9ED0-0D971ECF33F1}"
EndProject
Project("{FAE04EC0-301F-11D3-BF4B-00C04F79EFBC}") = "BackOffice", "BackOffice\BackOffice.csproj", "{0E297C04-56A8-4BC4-938C-4EB19C60500D}"
EndProject
Global
	GlobalSection(SolutionConfigurationPlatforms) = preSolution
		Debug|Any CPU = Debug|Any CPU
		Debug|x64 = Debug|x64
		Release|Any CPU = Release|Any CPU
		Release|x64 = Release|x64
	EndGlobalSection
	GlobalSection(ProjectConfigurationPlatforms) = postSolution
		{55A87C36-E8B8-4A08-8E3C-CA57529391A3}.Debug|Any CPU.ActiveCfg = Debug|Any CPU
		{55A87C36-E8B8-4A08-8E3C-CA57529391A3}.Debug|Any CPU.Build.0 = Debug|Any CPU
		{55A87C36-E8B8-4A08-8E3C-CA57529391A3}.Debug|x64.ActiveCfg = Debug|Any CPU
		{55A87C36-E8B8-4A08-8E3C-CA57529391A3}.Debug|x64.Build.0 = Debug|Any CPU
		{55A87C36-E8B8-4A08-8E3C-CA57529391A3}.Release|Any CPU.ActiveCfg = Release|Any CPU
		{55A87C36-E8B8-4A08-8E3C-CA57529391A3}.Release|Any CPU.Build.0 = Release|Any CPU
		{55A87C36-E8B8-4A08-8E3C-CA57529391A3}.Release|x64.ActiveCfg = Release|Any CPU
		{55A87C36-E8B8-4A08-8E3C-CA57529391A3}.Release|x64.Build.0 = Release|Any CPU
		{E689375B-0822-47E4-AE16-6AB9F3CF5698}.Debug|Any CPU.ActiveCfg = Debug|Any CPU
		{E689375B-0822-47E4-AE16-6AB9F3CF5698}.Debug|Any CPU.Build.0 = Debug|Any CPU
		{E689375B-0822-47E4-AE16-6AB9F3CF5698}.Debug|x64.ActiveCfg = Debug|x64
		{E689375B-0822-47E4-AE16-6AB9F3CF5698}.Debug|x64.Build.0 = Debug|x64
		{E689375B-0822-47E4-AE16-6AB9F3CF5698}.Release|Any CPU.ActiveCfg = Release|Any CPU
		{E689375B-0822-47E4-AE16-6AB9F3CF5698}.Release|Any CPU.Build.0 = Release|Any CPU
		{E689375B-0822-47E4-AE16-6AB9F3CF5698}.Release|x64.ActiveCfg = Release|x64
		{E689375B-0822-47E4-AE16-6AB9F3CF5698}.Release|x64.Build.0 = Release|x64
		{12C276CC-0927-4E4C-9437-850B4C65C4F2}.Debug|Any CPU.ActiveCfg = Debug|Any CPU
		{12C276CC-0927-4E4C-9437-850B4C65C4F2}.Debug|Any CPU.Build.0 = Debug|Any CPU
		{12C276CC-0927-4E4C-9437-850B4C65C4F2}.Debug|x64.ActiveCfg = Debug|Any CPU
		{12C276CC-0927-4E4C-9437-850B4C65C4F2}.Debug|x64.Build.0 = Debug|Any CPU
		{12C276CC-0927-4E4C-9437-850B4C65C4F2}.Release|Any CPU.ActiveCfg = Release|Any CPU
		{12C276CC-0927-4E4C-9437-850B4C65C4F2}.Release|Any CPU.Build.0 = Release|Any CPU
		{12C276CC-0927-4E4C-9437-850B4C65C4F2}.Release|x64.ActiveCfg = Release|Any CPU
		{12C276CC-0927-4E4C-9437-850B4C65C4F2}.Release|x64.Build.0 = Release|Any CPU
		{B3642177-0525-48A7-844E-7E5054FEF3B5}.Debug|Any CPU.ActiveCfg = Debug|Any CPU
		{B3642177-0525-48A7-844E-7E5054FEF3B5}.Debug|Any CPU.Build.0 = Debug|Any CPU
		{B3642177-0525-48A7-844E-7E5054FEF3B5}.Debug|x64.ActiveCfg = Debug|x64
		{B3642177-0525-48A7-844E-7E5054FEF3B5}.Debug|x64.Build.0 = Debug|x64
		{B3642177-0525-48A7-844E-7E5054FEF3B5}.Release|Any CPU.ActiveCfg = Release|Any CPU
		{B3642177-0525-48A7-844E-7E5054FEF3B5}.Release|Any CPU.Build.0 = Release|Any CPU
		{B3642177-0525-48A7-844E-7E5054FEF3B5}.Release|x64.ActiveCfg = Release|x64
		{B3642177-0525-48A7-844E-7E5054FEF3B5}.Release|x64.Build.0 = Release|x64
		{4F3389C2-7CC6-4D79-A5E1-091CF7EF940D}.Debug|Any CPU.ActiveCfg = Debug|Any CPU
		{4F3389C2-7CC6-4D79-A5E1-091CF7EF940D}.Debug|Any CPU.Build.0 = Debug|Any CPU
		{4F3389C2-7CC6-4D79-A5E1-091CF7EF940D}.Debug|x64.ActiveCfg = Debug|x64
		{4F3389C2-7CC6-4D79-A5E1-091CF7EF940D}.Debug|x64.Build.0 = Debug|x64
		{4F3389C2-7CC6-4D79-A5E1-091CF7EF940D}.Release|Any CPU.ActiveCfg = Release|Any CPU
		{4F3389C2-7CC6-4D79-A5E1-091CF7EF940D}.Release|Any CPU.Build.0 = Release|Any CPU
		{4F3389C2-7CC6-4D79-A5E1-091CF7EF940D}.Release|x64.ActiveCfg = Release|x64
		{4F3389C2-7CC6-4D79-A5E1-091CF7EF940D}.Release|x64.Build.0 = Release|x64
		{D23F4AD3-7240-4FAD-9735-BC5BC22CA568}.Debug|Any CPU.ActiveCfg = Debug|Any CPU
		{D23F4AD3-7240-4FAD-9735-BC5BC22CA568}.Debug|Any CPU.Build.0 = Debug|Any CPU
		{D23F4AD3-7240-4FAD-9735-BC5BC22CA568}.Debug|x64.ActiveCfg = Debug|Any CPU
		{D23F4AD3-7240-4FAD-9735-BC5BC22CA568}.Debug|x64.Build.0 = Debug|Any CPU
		{D23F4AD3-7240-4FAD-9735-BC5BC22CA568}.Release|Any CPU.ActiveCfg = Release|Any CPU
		{D23F4AD3-7240-4FAD-9735-BC5BC22CA568}.Release|Any CPU.Build.0 = Release|Any CPU
		{D23F4AD3-7240-4FAD-9735-BC5BC22CA568}.Release|x64.ActiveCfg = Release|Any CPU
		{D23F4AD3-7240-4FAD-9735-BC5BC22CA568}.Release|x64.Build.0 = Release|Any CPU
		{071F69DA-EBAC-458C-8FBD-163E0B83B2CA}.Debug|Any CPU.ActiveCfg = Debug|Any CPU
		{071F69DA-EBAC-458C-8FBD-163E0B83B2CA}.Debug|Any CPU.Build.0 = Debug|Any CPU
		{071F69DA-EBAC-458C-8FBD-163E0B83B2CA}.Debug|x64.ActiveCfg = Debug|Any CPU
		{071F69DA-EBAC-458C-8FBD-163E0B83B2CA}.Debug|x64.Build.0 = Debug|Any CPU
		{071F69DA-EBAC-458C-8FBD-163E0B83B2CA}.Release|Any CPU.ActiveCfg = Release|Any CPU
		{071F69DA-EBAC-458C-8FBD-163E0B83B2CA}.Release|Any CPU.Build.0 = Release|Any CPU
		{071F69DA-EBAC-458C-8FBD-163E0B83B2CA}.Release|x64.ActiveCfg = Release|Any CPU
		{071F69DA-EBAC-458C-8FBD-163E0B83B2CA}.Release|x64.Build.0 = Release|Any CPU
		{03B31D63-8104-4534-AB4B-8BE4F199A566}.Debug|Any CPU.ActiveCfg = Debug|Any CPU
		{03B31D63-8104-4534-AB4B-8BE4F199A566}.Debug|Any CPU.Build.0 = Debug|Any CPU
		{03B31D63-8104-4534-AB4B-8BE4F199A566}.Debug|x64.ActiveCfg = Debug|Any CPU
		{03B31D63-8104-4534-AB4B-8BE4F199A566}.Debug|x64.Build.0 = Debug|Any CPU
		{03B31D63-8104-4534-AB4B-8BE4F199A566}.Release|Any CPU.ActiveCfg = Release|Any CPU
		{03B31D63-8104-4534-AB4B-8BE4F199A566}.Release|Any CPU.Build.0 = Release|Any CPU
		{03B31D63-8104-4534-AB4B-8BE4F199A566}.Release|x64.ActiveCfg = Release|Any CPU
		{03B31D63-8104-4534-AB4B-8BE4F199A566}.Release|x64.Build.0 = Release|Any CPU
		{9AFEC4C2-CBC4-4B90-8CED-2759C55E586A}.Debug|Any CPU.ActiveCfg = Debug|Any CPU
		{9AFEC4C2-CBC4-4B90-8CED-2759C55E586A}.Debug|Any CPU.Build.0 = Debug|Any CPU
		{9AFEC4C2-CBC4-4B90-8CED-2759C55E586A}.Debug|x64.ActiveCfg = Debug|Any CPU
		{9AFEC4C2-CBC4-4B90-8CED-2759C55E586A}.Debug|x64.Build.0 = Debug|Any CPU
		{9AFEC4C2-CBC4-4B90-8CED-2759C55E586A}.Release|Any CPU.ActiveCfg = Release|Any CPU
		{9AFEC4C2-CBC4-4B90-8CED-2759C55E586A}.Release|Any CPU.Build.0 = Release|Any CPU
		{9AFEC4C2-CBC4-4B90-8CED-2759C55E586A}.Release|x64.ActiveCfg = Release|Any CPU
		{9AFEC4C2-CBC4-4B90-8CED-2759C55E586A}.Release|x64.Build.0 = Release|Any CPU
		{1D9EB60A-97BA-4BB5-9ED0-0D971ECF33F1}.Debug|Any CPU.ActiveCfg = Debug|Any CPU
		{1D9EB60A-97BA-4BB5-9ED0-0D971ECF33F1}.Debug|Any CPU.Build.0 = Debug|Any CPU
		{1D9EB60A-97BA-4BB5-9ED0-0D971ECF33F1}.Debug|x64.ActiveCfg = Debug|Any CPU
		{1D9EB60A-97BA-4BB5-9ED0-0D971ECF33F1}.Debug|x64.Build.0 = Debug|Any CPU
		{1D9EB60A-97BA-4BB5-9ED0-0D971ECF33F1}.Release|Any CPU.ActiveCfg = Release|Any CPU
		{1D9EB60A-97BA-4BB5-9ED0-0D971ECF33F1}.Release|Any CPU.Build.0 = Release|Any CPU
		{1D9EB60A-97BA-4BB5-9ED0-0D971ECF33F1}.Release|x64.ActiveCfg = Release|Any CPU
		{1D9EB60A-97BA-4BB5-9ED0-0D971ECF33F1}.Release|x64.Build.0 = Release|Any CPU
		{0E297C04-56A8-4BC4-938C-4EB19C60500D}.Debug|Any CPU.ActiveCfg = Debug|Any CPU
		{0E297C04-56A8-4BC4-938C-4EB19C60500D}.Debug|Any CPU.Build.0 = Debug|Any CPU
		{0E297C04-56A8-4BC4-938C-4EB19C60500D}.Debug|x64.ActiveCfg = Debug|Any CPU
		{0E297C04-56A8-4BC4-938C-4EB19C60500D}.Debug|x64.Build.0 = Debug|Any CPU
		{0E297C04-56A8-4BC4-938C-4EB19C60500D}.Release|Any CPU.ActiveCfg = Release|Any CPU
		{0E297C04-56A8-4BC4-938C-4EB19C60500D}.Release|Any CPU.Build.0 = Release|Any CPU
		{0E297C04-56A8-4BC4-938C-4EB19C60500D}.Release|x64.ActiveCfg = Release|Any CPU
		{0E297C04-56A8-4BC4-938C-4EB19C60500D}.Release|x64.Build.0 = Release|Any CPU
	EndGlobalSection
	GlobalSection(SolutionProperties) = preSolution
		HideSolutionNode = FALSE
	EndGlobalSection
	GlobalSection(NestedProjects) = preSolution
		{55A87C36-E8B8-4A08-8E3C-CA57529391A3} = {8140CF92-0BBD-4F60-B7F6-D140474FA2F2}
		{E689375B-0822-47E4-AE16-6AB9F3CF5698} = {8140CF92-0BBD-4F60-B7F6-D140474FA2F2}
		{12C276CC-0927-4E4C-9437-850B4C65C4F2} = {EE15E73E-CBC2-43F5-A47A-469FDC82DF5C}
		{B3642177-0525-48A7-844E-7E5054FEF3B5} = {8140CF92-0BBD-4F60-B7F6-D140474FA2F2}
		{4F3389C2-7CC6-4D79-A5E1-091CF7EF940D} = {8140CF92-0BBD-4F60-B7F6-D140474FA2F2}
		{D23F4AD3-7240-4FAD-9735-BC5BC22CA568} = {8140CF92-0BBD-4F60-B7F6-D140474FA2F2}
		{071F69DA-EBAC-458C-8FBD-163E0B83B2CA} = {BCDBE6D9-B428-46B9-A36B-02958498181B}
		{03B31D63-8104-4534-AB4B-8BE4F199A566} = {EE15E73E-CBC2-43F5-A47A-469FDC82DF5C}
		{1D9EB60A-97BA-4BB5-9ED0-0D971ECF33F1} = {8140CF92-0BBD-4F60-B7F6-D140474FA2F2}
	EndGlobalSection
EndGlobal
